# This file was autogenerated by Stack.
# You should not edit this file by hand.
# For more information, please see the documentation at:
#   https://docs.haskellstack.org/en/stable/lock_files

packages:
- completed:
    name: int-like
    version: 0.1.0
    git: git@github.com:Tarmean/int-like.git
    pantry-tree:
      size: 1134
      sha256: f8e5372102ff175bc157bbefad8076ecd40ab75db76f2497dc113d51cf7d5a19
    commit: c636f81c33367d69f6202a0f16553df2b858f412
  original:
    git: git@github.com:Tarmean/int-like.git
    commit: c636f81c33367d69f6202a0f16553df2b858f412
- completed:
    name: prop-unit
    version: 0.1.0
    git: git@github.com:ejconlon/prop-unit.git
    pantry-tree:
      size: 840
      sha256: 099ec2bde5af2374b4c1a9a57800031c3168cf51262330327897f9d21f9b1340
    commit: 167f919ee66dc2f6f17b9ad952be3921779789ea
  original:
    git: git@github.com:ejconlon/prop-unit.git
    commit: 167f919ee66dc2f6f17b9ad952be3921779789ea
snapshots:
- completed:
    size: 554661
    url: https://raw.githubusercontent.com/commercialhaskell/stackage-snapshots/master/nightly/2022/4/28.yaml
    sha256: eb778a9c971802e22068265fb7b14d357c3eb7d76229402b9444a3db1a2bc153
  original:
    url: https://raw.githubusercontent.com/commercialhaskell/stackage-snapshots/master/nightly/2022/4/28.yaml
